
Microsoft Visual Studio Solution File, Format Version 12.00
# Visual Studio 14
VisualStudioVersion = 14.0.25420.1
MinimumVisualStudioVersion = 10.0.40219.1
Project("{2150E333-8FDC-42A3-9474-1A3956D46DE8}") = "src", "src", "{48BC6453-E81A-4C0D-96DC-1834B5CFE394}"
EndProject
Project("{2150E333-8FDC-42A3-9474-1A3956D46DE8}") = "Solution Items", "Solution Items", "{224E859E-CF57-4A9A-845D-57215E0DDA23}"
	ProjectSection(SolutionItems) = preProject
		global.json = global.json
	EndProjectSection
EndProject
Project("{8BB2217D-0F2D-49D1-97BC-3654ED321F3B}") = "ideacore", "src\ideacore\ideacore.xproj", "{0B05B34D-FC0A-4031-A24C-0A29FCAF157B}"
EndProject
Project("{00D1A9C2-B5F0-4AF3-8072-F6C62B433612}") = "ideaDatabase", "ideaDatabase\ideaDatabase.sqlproj", "{49173248-E978-42CF-ACAB-26ABF358DEFF}"
EndProject
Global
	GlobalSection(SolutionConfigurationPlatforms) = preSolution
		Debug|Any CPU = Debug|Any CPU
		Release|Any CPU = Release|Any CPU
	EndGlobalSection
	GlobalSection(ProjectConfigurationPlatforms) = postSolution
		{0B05B34D-FC0A-4031-A24C-0A29FCAF157B}.Debug|Any CPU.ActiveCfg = Debug|Any CPU
		{0B05B34D-FC0A-4031-A24C-0A29FCAF157B}.Debug|Any CPU.Build.0 = Debug|Any CPU
		{0B05B34D-FC0A-4031-A24C-0A29FCAF157B}.Release|Any CPU.ActiveCfg = Release|Any CPU
		{0B05B34D-FC0A-4031-A24C-0A29FCAF157B}.Release|Any CPU.Build.0 = Release|Any CPU
		{49173248-E978-42CF-ACAB-26ABF358DEFF}.Debug|Any CPU.ActiveCfg = Debug|Any CPU
		{49173248-E978-42CF-ACAB-26ABF358DEFF}.Debug|Any CPU.Build.0 = Debug|Any CPU
		{49173248-E978-42CF-ACAB-26ABF358DEFF}.Debug|Any CPU.Deploy.0 = Debug|Any CPU
		{49173248-E978-42CF-ACAB-26ABF358DEFF}.Release|Any CPU.ActiveCfg = Release|Any CPU
		{49173248-E978-42CF-ACAB-26ABF358DEFF}.Release|Any CPU.Build.0 = Release|Any CPU
		{49173248-E978-42CF-ACAB-26ABF358DEFF}.Release|Any CPU.Deploy.0 = Release|Any CPU
	EndGlobalSection
	GlobalSection(SolutionProperties) = preSolution
		HideSolutionNode = FALSE
	EndGlobalSection
	GlobalSection(NestedProjects) = preSolution
		{0B05B34D-FC0A-4031-A24C-0A29FCAF157B} = {48BC6453-E81A-4C0D-96DC-1834B5CFE394}
		{49173248-E978-42CF-ACAB-26ABF358DEFF} = {224E859E-CF57-4A9A-845D-57215E0DDA23}
	EndGlobalSection
EndGlobal
